
Microsoft Visual Studio Solution File, Format Version 12.00
# Visual Studio Version 17
VisualStudioVersion = 17.5.33502.453
MinimumVisualStudioVersion = 10.0.40219.1
Project("{FAE04EC0-301F-11D3-BF4B-00C04F79EFBC}") = "Projeto 1Bim", "Projeto 1Bim.csproj", "{938397B3-AB59-4780-B781-CF0EC29EE307}"
EndProject
Global
	GlobalSection(SolutionConfigurationPlatforms) = preSolution
		Debug|Any CPU = Debug|Any CPU
		Release|Any CPU = Release|Any CPU
	EndGlobalSection
	GlobalSection(ProjectConfigurationPlatforms) = postSolution
		{938397B3-AB59-4780-B781-CF0EC29EE307}.Debug|Any CPU.ActiveCfg = Debug|Any CPU
		{938397B3-AB59-4780-B781-CF0EC29EE307}.Debug|Any CPU.Build.0 = Debug|Any CPU
		{938397B3-AB59-4780-B781-CF0EC29EE307}.Release|Any CPU.ActiveCfg = Release|Any CPU
		{938397B3-AB59-4780-B781-CF0EC29EE307}.Release|Any CPU.Build.0 = Release|Any CPU
	EndGlobalSection
	GlobalSection(SolutionProperties) = preSolution
		HideSolutionNode = FALSE
	EndGlobalSection
	GlobalSection(ExtensibilityGlobals) = postSolution
		SolutionGuid = {CB3C8AAB-D5E5-4FBB-992E-5354D18A0639}
	EndGlobalSection
EndGlobal
